
Microsoft Visual Studio Solution File, Format Version 11.00
# Visual Studio 2010
Project("{FAE04EC0-301F-11D3-BF4B-00C04F79EFBC}") = "SaveJohn", "Assembly-CSharp.csproj", "{C1EA8189-B542-06AD-C443-28BA6C81F177}"
EndProject
Project("{FAE04EC0-301F-11D3-BF4B-00C04F79EFBC}") = "SaveJohn", "Assembly-CSharp-Editor.csproj", "{4459F412-2E97-53A9-DD47-8846F361CA28}"
EndProject
Global
	GlobalSection(SolutionConfigurationPlatforms) = preSolution
		Debug|Any CPU = Debug|Any CPU
		Release|Any CPU = Release|Any CPU
	EndGlobalSection
	GlobalSection(ProjectConfigurationPlatforms) = postSolution
		{C1EA8189-B542-06AD-C443-28BA6C81F177}.Debug|Any CPU.ActiveCfg = Debug|Any CPU
		{C1EA8189-B542-06AD-C443-28BA6C81F177}.Debug|Any CPU.Build.0 = Debug|Any CPU
		{C1EA8189-B542-06AD-C443-28BA6C81F177}.Release|Any CPU.ActiveCfg = Release|Any CPU
		{C1EA8189-B542-06AD-C443-28BA6C81F177}.Release|Any CPU.Build.0 = Release|Any CPU
		{4459F412-2E97-53A9-DD47-8846F361CA28}.Debug|Any CPU.ActiveCfg = Debug|Any CPU
		{4459F412-2E97-53A9-DD47-8846F361CA28}.Debug|Any CPU.Build.0 = Debug|Any CPU
		{4459F412-2E97-53A9-DD47-8846F361CA28}.Release|Any CPU.ActiveCfg = Release|Any CPU
		{4459F412-2E97-53A9-DD47-8846F361CA28}.Release|Any CPU.Build.0 = Release|Any CPU
	EndGlobalSection
	GlobalSection(SolutionProperties) = preSolution
		HideSolutionNode = FALSE
	EndGlobalSection
	GlobalSection(MonoDevelopProperties) = preSolution
		StartupItem = Assembly-CSharp.csproj
	EndGlobalSection
EndGlobal
